
Microsoft Visual Studio Solution File, Format Version 12.00
# Visual Studio Version 16
VisualStudioVersion = 16.0.30114.105
MinimumVisualStudioVersion = 10.0.40219.1
Project("{FAE04EC0-301F-11D3-BF4B-00C04F79EFBC}") = "_Nuevo.Business", "_Nuevo.Business\_Nuevo.Business.csproj", "{D7D952CF-4238-437B-B592-F0C816988C1E}"
EndProject
Project("{FAE04EC0-301F-11D3-BF4B-00C04F79EFBC}") = "_Nuevo.DataAccsess", "_Nuevo.DataAccsess\_Nuevo.DataAccsess.csproj", "{13925C27-5B01-44EE-8B5F-85376D844984}"
EndProject
Project("{FAE04EC0-301F-11D3-BF4B-00C04F79EFBC}") = "_Nuevo.DTO", "_Nuevo.DTO\_Nuevo.DTO.csproj", "{3796BB9F-A847-4D40-9DF0-2B02241584FC}"
EndProject
Project("{FAE04EC0-301F-11D3-BF4B-00C04F79EFBC}") = "_Nuevo.Entities", "_Nuevo.Entities\_Nuevo.Entities.csproj", "{E8362E07-9E8E-4CE1-AB94-D91248BE7243}"
EndProject
Project("{FAE04EC0-301F-11D3-BF4B-00C04F79EFBC}") = "_Nuevo.WebUI", "_Nuevo.WebUI\_Nuevo.WebUI.csproj", "{CF41D235-1041-4B12-A32B-E01DDE756AFB}"
EndProject
Global
	GlobalSection(SolutionConfigurationPlatforms) = preSolution
		Debug|Any CPU = Debug|Any CPU
		Release|Any CPU = Release|Any CPU
	EndGlobalSection
	GlobalSection(ProjectConfigurationPlatforms) = postSolution
		{D7D952CF-4238-437B-B592-F0C816988C1E}.Debug|Any CPU.ActiveCfg = Debug|Any CPU
		{D7D952CF-4238-437B-B592-F0C816988C1E}.Debug|Any CPU.Build.0 = Debug|Any CPU
		{D7D952CF-4238-437B-B592-F0C816988C1E}.Release|Any CPU.ActiveCfg = Release|Any CPU
		{D7D952CF-4238-437B-B592-F0C816988C1E}.Release|Any CPU.Build.0 = Release|Any CPU
		{13925C27-5B01-44EE-8B5F-85376D844984}.Debug|Any CPU.ActiveCfg = Debug|Any CPU
		{13925C27-5B01-44EE-8B5F-85376D844984}.Debug|Any CPU.Build.0 = Debug|Any CPU
		{13925C27-5B01-44EE-8B5F-85376D844984}.Release|Any CPU.ActiveCfg = Release|Any CPU
		{13925C27-5B01-44EE-8B5F-85376D844984}.Release|Any CPU.Build.0 = Release|Any CPU
		{3796BB9F-A847-4D40-9DF0-2B02241584FC}.Debug|Any CPU.ActiveCfg = Debug|Any CPU
		{3796BB9F-A847-4D40-9DF0-2B02241584FC}.Debug|Any CPU.Build.0 = Debug|Any CPU
		{3796BB9F-A847-4D40-9DF0-2B02241584FC}.Release|Any CPU.ActiveCfg = Release|Any CPU
		{3796BB9F-A847-4D40-9DF0-2B02241584FC}.Release|Any CPU.Build.0 = Release|Any CPU
		{E8362E07-9E8E-4CE1-AB94-D91248BE7243}.Debug|Any CPU.ActiveCfg = Debug|Any CPU
		{E8362E07-9E8E-4CE1-AB94-D91248BE7243}.Debug|Any CPU.Build.0 = Debug|Any CPU
		{E8362E07-9E8E-4CE1-AB94-D91248BE7243}.Release|Any CPU.ActiveCfg = Release|Any CPU
		{E8362E07-9E8E-4CE1-AB94-D91248BE7243}.Release|Any CPU.Build.0 = Release|Any CPU
		{CF41D235-1041-4B12-A32B-E01DDE756AFB}.Debug|Any CPU.ActiveCfg = Debug|Any CPU
		{CF41D235-1041-4B12-A32B-E01DDE756AFB}.Debug|Any CPU.Build.0 = Debug|Any CPU
		{CF41D235-1041-4B12-A32B-E01DDE756AFB}.Release|Any CPU.ActiveCfg = Release|Any CPU
		{CF41D235-1041-4B12-A32B-E01DDE756AFB}.Release|Any CPU.Build.0 = Release|Any CPU
	EndGlobalSection
	GlobalSection(SolutionProperties) = preSolution
		HideSolutionNode = FALSE
	EndGlobalSection
	GlobalSection(ExtensibilityGlobals) = postSolution
		SolutionGuid = {025C4B0B-8079-4C32-AB8F-F8A75A03CD47}
	EndGlobalSection
EndGlobal
